// !$*UTF8*$!
{
	archiveVersion = 1;
	classes = {
	};
	objectVersion = 50;
	objects = {

/* Begin PBXBuildFile section */
		DA26063B2485D62900E128D0 /* IDLCustomModel.m in Sources */ = {isa = PBXBuildFile; fileRef = DA26063A2485D62900E128D0 /* IDLCustomModel.m */; };
		DA26063E2485D6FC00E128D0 /* IDLComplexObject.m in Sources */ = {isa = PBXBuildFile; fileRef = DA26063D2485D6FC00E128D0 /* IDLComplexObject.m */; };
		DA2606422485D86100E128D0 /* IDLPrototypeDesignPatternShowCase.m in Sources */ = {isa = PBXBuildFile; fileRef = DA2606412485D86100E128D0 /* IDLPrototypeDesignPatternShowCase.m */; };
		E50A8B5A248643BE00B8D92D /* IDLSingletonObject.m in Sources */ = {isa = PBXBuildFile; fileRef = E50A8B59248643BE00B8D92D /* IDLSingletonObject.m */; };
		E50A8B5E2486445800B8D92D /* IDLSingletonDesignPatternShowCase.m in Sources */ = {isa = PBXBuildFile; fileRef = E50A8B5D2486445800B8D92D /* IDLSingletonDesignPatternShowCase.m */; };
		E50A8B6524865A8100B8D92D /* IDLAdapter.m in Sources */ = {isa = PBXBuildFile; fileRef = E50A8B6424865A8100B8D92D /* IDLAdapter.m */; };
		E50A8B6B24865B7F00B8D92D /* IDLAdaptee.m in Sources */ = {isa = PBXBuildFile; fileRef = E50A8B6A24865B7F00B8D92D /* IDLAdaptee.m */; };
		E50A8B6F24865CCC00B8D92D /* IDLAdapterDesignPatternShowCase.m in Sources */ = {isa = PBXBuildFile; fileRef = E50A8B6E24865CCC00B8D92D /* IDLAdapterDesignPatternShowCase.m */; };
		E51114CE24833EF300BDB836 /* IDLDellPCScreen.m in Sources */ = {isa = PBXBuildFile; fileRef = E51114CD24833EF300BDB836 /* IDLDellPCScreen.m */; };
		E51114D124833F9400BDB836 /* IDLDellPCKeyboard.m in Sources */ = {isa = PBXBuildFile; fileRef = E51114D024833F9400BDB836 /* IDLDellPCKeyboard.m */; };
		E51114D42483401F00BDB836 /* IDLDellPCMemery.m in Sources */ = {isa = PBXBuildFile; fileRef = E51114D32483401F00BDB836 /* IDLDellPCMemery.m */; };
		E51114D72483409F00BDB836 /* IDLDellHostDevice.m in Sources */ = {isa = PBXBuildFile; fileRef = E51114D62483409F00BDB836 /* IDLDellHostDevice.m */; };
		E51114DF2483414700BDB836 /* IDLApplePCScreen.m in Sources */ = {isa = PBXBuildFile; fileRef = E51114DE2483414700BDB836 /* IDLApplePCScreen.m */; };
		E51114E22483418F00BDB836 /* IDLAppleKeyboard.m in Sources */ = {isa = PBXBuildFile; fileRef = E51114E12483418F00BDB836 /* IDLAppleKeyboard.m */; };
		E51114E5248341E200BDB836 /* IDLApplePCMemery.m in Sources */ = {isa = PBXBuildFile; fileRef = E51114E4248341E200BDB836 /* IDLApplePCMemery.m */; };
		E51114E82483423300BDB836 /* IDLAppleHostDevice.m in Sources */ = {isa = PBXBuildFile; fileRef = E51114E72483423300BDB836 /* IDLAppleHostDevice.m */; };
		E51114EB2483436100BDB836 /* IDLDellPCDeviceFactory.m in Sources */ = {isa = PBXBuildFile; fileRef = E51114EA2483436100BDB836 /* IDLDellPCDeviceFactory.m */; };
		E51114EE2483462100BDB836 /* IDLBasePCDeviceFactory.m in Sources */ = {isa = PBXBuildFile; fileRef = E51114ED2483462100BDB836 /* IDLBasePCDeviceFactory.m */; };
		E51114F4248346C600BDB836 /* IDLApplePCDeviceFactory.m in Sources */ = {isa = PBXBuildFile; fileRef = E51114F3248346C600BDB836 /* IDLApplePCDeviceFactory.m */; };
		E51114F82483478D00BDB836 /* IDLAbstractFactoryDesignPatternShowCase.m in Sources */ = {isa = PBXBuildFile; fileRef = E51114F72483478D00BDB836 /* IDLAbstractFactoryDesignPatternShowCase.m */; };
		E51114FB24834DED00BDB836 /* IDLApplePCFactory.m in Sources */ = {isa = PBXBuildFile; fileRef = E51114FA24834DED00BDB836 /* IDLApplePCFactory.m */; };
		E511150324836D1C00BDB836 /* IDLHouse.m in Sources */ = {isa = PBXBuildFile; fileRef = E511150224836D1C00BDB836 /* IDLHouse.m */; };
		E51115082483713F00BDB836 /* IDLSimpleHouseBuilder.m in Sources */ = {isa = PBXBuildFile; fileRef = E51115072483713F00BDB836 /* IDLSimpleHouseBuilder.m */; };
		E511150B248373A400BDB836 /* IDLLuxuriousHouseBuilder.m in Sources */ = {isa = PBXBuildFile; fileRef = E511150A248373A400BDB836 /* IDLLuxuriousHouseBuilder.m */; };
		E511150E2483754700BDB836 /* IDLHouseDirector.m in Sources */ = {isa = PBXBuildFile; fileRef = E511150D2483754700BDB836 /* IDLHouseDirector.m */; };
		E51115122483769000BDB836 /* IDLBuilderDesignPatternShowCase.m in Sources */ = {isa = PBXBuildFile; fileRef = E51115112483769000BDB836 /* IDLBuilderDesignPatternShowCase.m */; };
		E54E47E9248288F3006B39C9 /* AppDelegate.m in Sources */ = {isa = PBXBuildFile; fileRef = E54E47E8248288F3006B39C9 /* AppDelegate.m */; };
		E54E47EC248288F3006B39C9 /* SceneDelegate.m in Sources */ = {isa = PBXBuildFile; fileRef = E54E47EB248288F3006B39C9 /* SceneDelegate.m */; };
		E54E47EF248288F3006B39C9 /* ViewController.m in Sources */ = {isa = PBXBuildFile; fileRef = E54E47EE248288F3006B39C9 /* ViewController.m */; };
		E54E47F2248288F3006B39C9 /* Main.storyboard in Resources */ = {isa = PBXBuildFile; fileRef = E54E47F0248288F3006B39C9 /* Main.storyboard */; };
		E54E47F4248288F9006B39C9 /* Assets.xcassets in Resources */ = {isa = PBXBuildFile; fileRef = E54E47F3248288F9006B39C9 /* Assets.xcassets */; };
		E54E47F7248288F9006B39C9 /* LaunchScreen.storyboard in Resources */ = {isa = PBXBuildFile; fileRef = E54E47F5248288F9006B39C9 /* LaunchScreen.storyboard */; };
		E54E47FA248288F9006B39C9 /* main.m in Sources */ = {isa = PBXBuildFile; fileRef = E54E47F9248288F9006B39C9 /* main.m */; };
		E54E480924828B4A006B39C9 /* IDLHPPCDevice.m in Sources */ = {isa = PBXBuildFile; fileRef = E54E480824828B4A006B39C9 /* IDLHPPCDevice.m */; };
		E54E480C24828BFE006B39C9 /* IDLIBMPCDevice.m in Sources */ = {isa = PBXBuildFile; fileRef = E54E480B24828BFE006B39C9 /* IDLIBMPCDevice.m */; };
		E54E480F24828C56006B39C9 /* IDLApplePCDevice.m in Sources */ = {isa = PBXBuildFile; fileRef = E54E480E24828C56006B39C9 /* IDLApplePCDevice.m */; };
		E54E481224828CE6006B39C9 /* IDLHPPCFactory.m in Sources */ = {isa = PBXBuildFile; fileRef = E54E481124828CE6006B39C9 /* IDLHPPCFactory.m */; };
		E54E481524828E1B006B39C9 /* IDLBasePCFactory.m in Sources */ = {isa = PBXBuildFile; fileRef = E54E481424828E1B006B39C9 /* IDLBasePCFactory.m */; };
		E54E481824828ED0006B39C9 /* IDLIBMPCFactory.m in Sources */ = {isa = PBXBuildFile; fileRef = E54E481724828ED0006B39C9 /* IDLIBMPCFactory.m */; };
		E54E481F24828FDF006B39C9 /* IDLFactoryDesignPatternShowCase.m in Sources */ = {isa = PBXBuildFile; fileRef = E54E481E24828FDF006B39C9 /* IDLFactoryDesignPatternShowCase.m */; };
/* End PBXBuildFile section */

/* Begin PBXFileReference section */
		DA2606392485D62900E128D0 /* IDLCustomModel.h */ = {isa = PBXFileReference; lastKnownFileType = sourcecode.c.h; path = IDLCustomModel.h; sourceTree = "<group>"; };
		DA26063A2485D62900E128D0 /* IDLCustomModel.m */ = {isa = PBXFileReference; lastKnownFileType = sourcecode.c.objc; path = IDLCustomModel.m; sourceTree = "<group>"; };
		DA26063C2485D6FC00E128D0 /* IDLComplexObject.h */ = {isa = PBXFileReference; lastKnownFileType = sourcecode.c.h; path = IDLComplexObject.h; sourceTree = "<group>"; };
		DA26063D2485D6FC00E128D0 /* IDLComplexObject.m */ = {isa = PBXFileReference; lastKnownFileType = sourcecode.c.objc; path = IDLComplexObject.m; sourceTree = "<group>"; };
		DA2606402485D86100E128D0 /* IDLPrototypeDesignPatternShowCase.h */ = {isa = PBXFileReference; lastKnownFileType = sourcecode.c.h; path = IDLPrototypeDesignPatternShowCase.h; sourceTree = "<group>"; };
		DA2606412485D86100E128D0 /* IDLPrototypeDesignPatternShowCase.m */ = {isa = PBXFileReference; lastKnownFileType = sourcecode.c.objc; path = IDLPrototypeDesignPatternShowCase.m; sourceTree = "<group>"; };
		E50A8B58248643BE00B8D92D /* IDLSingletonObject.h */ = {isa = PBXFileReference; lastKnownFileType = sourcecode.c.h; path = IDLSingletonObject.h; sourceTree = "<group>"; };
		E50A8B59248643BE00B8D92D /* IDLSingletonObject.m */ = {isa = PBXFileReference; lastKnownFileType = sourcecode.c.objc; path = IDLSingletonObject.m; sourceTree = "<group>"; };
		E50A8B5C2486445800B8D92D /* IDLSingletonDesignPatternShowCase.h */ = {isa = PBXFileReference; lastKnownFileType = sourcecode.c.h; path = IDLSingletonDesignPatternShowCase.h; sourceTree = "<group>"; };
		E50A8B5D2486445800B8D92D /* IDLSingletonDesignPatternShowCase.m */ = {isa = PBXFileReference; lastKnownFileType = sourcecode.c.objc; path = IDLSingletonDesignPatternShowCase.m; sourceTree = "<group>"; };
		E50A8B6124865A2B00B8D92D /* IDLTarget.h */ = {isa = PBXFileReference; lastKnownFileType = sourcecode.c.h; path = IDLTarget.h; sourceTree = "<group>"; };
		E50A8B6324865A8100B8D92D /* IDLAdapter.h */ = {isa = PBXFileReference; lastKnownFileType = sourcecode.c.h; path = IDLAdapter.h; sourceTree = "<group>"; };
		E50A8B6424865A8100B8D92D /* IDLAdapter.m */ = {isa = PBXFileReference; lastKnownFileType = sourcecode.c.objc; path = IDLAdapter.m; sourceTree = "<group>"; };
		E50A8B6924865B7F00B8D92D /* IDLAdaptee.h */ = {isa = PBXFileReference; lastKnownFileType = sourcecode.c.h; path = IDLAdaptee.h; sourceTree = "<group>"; };
		E50A8B6A24865B7F00B8D92D /* IDLAdaptee.m */ = {isa = PBXFileReference; lastKnownFileType = sourcecode.c.objc; path = IDLAdaptee.m; sourceTree = "<group>"; };
		E50A8B6D24865CCC00B8D92D /* IDLAdapterDesignPatternShowCase.h */ = {isa = PBXFileReference; lastKnownFileType = sourcecode.c.h; path = IDLAdapterDesignPatternShowCase.h; sourceTree = "<group>"; };
		E50A8B6E24865CCC00B8D92D /* IDLAdapterDesignPatternShowCase.m */ = {isa = PBXFileReference; lastKnownFileType = sourcecode.c.objc; path = IDLAdapterDesignPatternShowCase.m; sourceTree = "<group>"; };
		E51114CA24833D0B00BDB836 /* IDLPCComponentProtocal.h */ = {isa = PBXFileReference; lastKnownFileType = sourcecode.c.h; path = IDLPCComponentProtocal.h; sourceTree = "<group>"; };
		E51114CB24833DCB00BDB836 /* IDLPCDeviceFactoryProtocal.h */ = {isa = PBXFileReference; lastKnownFileType = sourcecode.c.h; path = IDLPCDeviceFactoryProtocal.h; sourceTree = "<group>"; };
		E51114CC24833EF300BDB836 /* IDLDellPCScreen.h */ = {isa = PBXFileReference; lastKnownFileType = sourcecode.c.h; path = IDLDellPCScreen.h; sourceTree = "<group>"; };
		E51114CD24833EF300BDB836 /* IDLDellPCScreen.m */ = {isa = PBXFileReference; lastKnownFileType = sourcecode.c.objc; path = IDLDellPCScreen.m; sourceTree = "<group>"; };
		E51114CF24833F9300BDB836 /* IDLDellPCKeyboard.h */ = {isa = PBXFileReference; lastKnownFileType = sourcecode.c.h; path = IDLDellPCKeyboard.h; sourceTree = "<group>"; };
		E51114D024833F9400BDB836 /* IDLDellPCKeyboard.m */ = {isa = PBXFileReference; lastKnownFileType = sourcecode.c.objc; path = IDLDellPCKeyboard.m; sourceTree = "<group>"; };
		E51114D22483401F00BDB836 /* IDLDellPCMemery.h */ = {isa = PBXFileReference; lastKnownFileType = sourcecode.c.h; path = IDLDellPCMemery.h; sourceTree = "<group>"; };
		E51114D32483401F00BDB836 /* IDLDellPCMemery.m */ = {isa = PBXFileReference; lastKnownFileType = sourcecode.c.objc; path = IDLDellPCMemery.m; sourceTree = "<group>"; };
		E51114D52483409F00BDB836 /* IDLDellHostDevice.h */ = {isa = PBXFileReference; lastKnownFileType = sourcecode.c.h; path = IDLDellHostDevice.h; sourceTree = "<group>"; };
		E51114D62483409F00BDB836 /* IDLDellHostDevice.m */ = {isa = PBXFileReference; lastKnownFileType = sourcecode.c.objc; path = IDLDellHostDevice.m; sourceTree = "<group>"; };
		E51114DD2483414700BDB836 /* IDLApplePCScreen.h */ = {isa = PBXFileReference; lastKnownFileType = sourcecode.c.h; path = IDLApplePCScreen.h; sourceTree = "<group>"; };
		E51114DE2483414700BDB836 /* IDLApplePCScreen.m */ = {isa = PBXFileReference; lastKnownFileType = sourcecode.c.objc; path = IDLApplePCScreen.m; sourceTree = "<group>"; };
		E51114E02483418F00BDB836 /* IDLAppleKeyboard.h */ = {isa = PBXFileReference; lastKnownFileType = sourcecode.c.h; path = IDLAppleKeyboard.h; sourceTree = "<group>"; };
		E51114E12483418F00BDB836 /* IDLAppleKeyboard.m */ = {isa = PBXFileReference; lastKnownFileType = sourcecode.c.objc; path = IDLAppleKeyboard.m; sourceTree = "<group>"; };
		E51114E3248341E200BDB836 /* IDLApplePCMemery.h */ = {isa = PBXFileReference; lastKnownFileType = sourcecode.c.h; path = IDLApplePCMemery.h; sourceTree = "<group>"; };
		E51114E4248341E200BDB836 /* IDLApplePCMemery.m */ = {isa = PBXFileReference; lastKnownFileType = sourcecode.c.objc; path = IDLApplePCMemery.m; sourceTree = "<group>"; };
		E51114E62483423300BDB836 /* IDLAppleHostDevice.h */ = {isa = PBXFileReference; lastKnownFileType = sourcecode.c.h; path = IDLAppleHostDevice.h; sourceTree = "<group>"; };
		E51114E72483423300BDB836 /* IDLAppleHostDevice.m */ = {isa = PBXFileReference; lastKnownFileType = sourcecode.c.objc; path = IDLAppleHostDevice.m; sourceTree = "<group>"; };
		E51114E92483436100BDB836 /* IDLDellPCDeviceFactory.h */ = {isa = PBXFileReference; lastKnownFileType = sourcecode.c.h; path = IDLDellPCDeviceFactory.h; sourceTree = "<group>"; };
		E51114EA2483436100BDB836 /* IDLDellPCDeviceFactory.m */ = {isa = PBXFileReference; lastKnownFileType = sourcecode.c.objc; path = IDLDellPCDeviceFactory.m; sourceTree = "<group>"; };
		E51114EC2483462100BDB836 /* IDLBasePCDeviceFactory.h */ = {isa = PBXFileReference; lastKnownFileType = sourcecode.c.h; path = IDLBasePCDeviceFactory.h; sourceTree = "<group>"; };
		E51114ED2483462100BDB836 /* IDLBasePCDeviceFactory.m */ = {isa = PBXFileReference; lastKnownFileType = sourcecode.c.objc; path = IDLBasePCDeviceFactory.m; sourceTree = "<group>"; };
		E51114F2248346C600BDB836 /* IDLApplePCDeviceFactory.h */ = {isa = PBXFileReference; lastKnownFileType = sourcecode.c.h; path = IDLApplePCDeviceFactory.h; sourceTree = "<group>"; };
		E51114F3248346C600BDB836 /* IDLApplePCDeviceFactory.m */ = {isa = PBXFileReference; lastKnownFileType = sourcecode.c.objc; path = IDLApplePCDeviceFactory.m; sourceTree = "<group>"; };
		E51114F62483478D00BDB836 /* IDLAbstractFactoryDesignPatternShowCase.h */ = {isa = PBXFileReference; lastKnownFileType = sourcecode.c.h; path = IDLAbstractFactoryDesignPatternShowCase.h; sourceTree = "<group>"; };
		E51114F72483478D00BDB836 /* IDLAbstractFactoryDesignPatternShowCase.m */ = {isa = PBXFileReference; lastKnownFileType = sourcecode.c.objc; path = IDLAbstractFactoryDesignPatternShowCase.m; sourceTree = "<group>"; };
		E51114F924834DED00BDB836 /* IDLApplePCFactory.h */ = {isa = PBXFileReference; lastKnownFileType = sourcecode.c.h; path = IDLApplePCFactory.h; sourceTree = "<group>"; };
		E51114FA24834DED00BDB836 /* IDLApplePCFactory.m */ = {isa = PBXFileReference; lastKnownFileType = sourcecode.c.objc; path = IDLApplePCFactory.m; sourceTree = "<group>"; };
		E511150124836D1C00BDB836 /* IDLHouse.h */ = {isa = PBXFileReference; lastKnownFileType = sourcecode.c.h; path = IDLHouse.h; sourceTree = "<group>"; };
		E511150224836D1C00BDB836 /* IDLHouse.m */ = {isa = PBXFileReference; lastKnownFileType = sourcecode.c.objc; path = IDLHouse.m; sourceTree = "<group>"; };
		E511150524836F8400BDB836 /* IDLHouseBuilderProtocal.h */ = {isa = PBXFileReference; lastKnownFileType = sourcecode.c.h; path = IDLHouseBuilderProtocal.h; sourceTree = "<group>"; };
		E51115062483713F00BDB836 /* IDLSimpleHouseBuilder.h */ = {isa = PBXFileReference; lastKnownFileType = sourcecode.c.h; path = IDLSimpleHouseBuilder.h; sourceTree = "<group>"; };
		E51115072483713F00BDB836 /* IDLSimpleHouseBuilder.m */ = {isa = PBXFileReference; lastKnownFileType = sourcecode.c.objc; path = IDLSimpleHouseBuilder.m; sourceTree = "<group>"; };
		E5111509248373A400BDB836 /* IDLLuxuriousHouseBuilder.h */ = {isa = PBXFileReference; lastKnownFileType = sourcecode.c.h; path = IDLLuxuriousHouseBuilder.h; sourceTree = "<group>"; };
		E511150A248373A400BDB836 /* IDLLuxuriousHouseBuilder.m */ = {isa = PBXFileReference; lastKnownFileType = sourcecode.c.objc; path = IDLLuxuriousHouseBuilder.m; sourceTree = "<group>"; };
		E511150C2483754700BDB836 /* IDLHouseDirector.h */ = {isa = PBXFileReference; lastKnownFileType = sourcecode.c.h; path = IDLHouseDirector.h; sourceTree = "<group>"; };
		E511150D2483754700BDB836 /* IDLHouseDirector.m */ = {isa = PBXFileReference; lastKnownFileType = sourcecode.c.objc; path = IDLHouseDirector.m; sourceTree = "<group>"; };
		E51115102483769000BDB836 /* IDLBuilderDesignPatternShowCase.h */ = {isa = PBXFileReference; lastKnownFileType = sourcecode.c.h; path = IDLBuilderDesignPatternShowCase.h; sourceTree = "<group>"; };
		E51115112483769000BDB836 /* IDLBuilderDesignPatternShowCase.m */ = {isa = PBXFileReference; lastKnownFileType = sourcecode.c.objc; path = IDLBuilderDesignPatternShowCase.m; sourceTree = "<group>"; };
		E54E47E4248288F3006B39C9 /* Object-Design-Pattern.app */ = {isa = PBXFileReference; explicitFileType = wrapper.application; includeInIndex = 0; path = "Object-Design-Pattern.app"; sourceTree = BUILT_PRODUCTS_DIR; };
		E54E47E7248288F3006B39C9 /* AppDelegate.h */ = {isa = PBXFileReference; lastKnownFileType = sourcecode.c.h; path = AppDelegate.h; sourceTree = "<group>"; };
		E54E47E8248288F3006B39C9 /* AppDelegate.m */ = {isa = PBXFileReference; lastKnownFileType = sourcecode.c.objc; path = AppDelegate.m; sourceTree = "<group>"; };
		E54E47EA248288F3006B39C9 /* SceneDelegate.h */ = {isa = PBXFileReference; lastKnownFileType = sourcecode.c.h; path = SceneDelegate.h; sourceTree = "<group>"; };
		E54E47EB248288F3006B39C9 /* SceneDelegate.m */ = {isa = PBXFileReference; lastKnownFileType = sourcecode.c.objc; path = SceneDelegate.m; sourceTree = "<group>"; };
		E54E47ED248288F3006B39C9 /* ViewController.h */ = {isa = PBXFileReference; lastKnownFileType = sourcecode.c.h; path = ViewController.h; sourceTree = "<group>"; };
		E54E47EE248288F3006B39C9 /* ViewController.m */ = {isa = PBXFileReference; lastKnownFileType = sourcecode.c.objc; path = ViewController.m; sourceTree = "<group>"; };
		E54E47F1248288F3006B39C9 /* Base */ = {isa = PBXFileReference; lastKnownFileType = file.storyboard; name = Base; path = Base.lproj/Main.storyboard; sourceTree = "<group>"; };
		E54E47F3248288F9006B39C9 /* Assets.xcassets */ = {isa = PBXFileReference; lastKnownFileType = folder.assetcatalog; path = Assets.xcassets; sourceTree = "<group>"; };
		E54E47F6248288F9006B39C9 /* Base */ = {isa = PBXFileReference; lastKnownFileType = file.storyboard; name = Base; path = Base.lproj/LaunchScreen.storyboard; sourceTree = "<group>"; };
		E54E47F8248288F9006B39C9 /* Info.plist */ = {isa = PBXFileReference; lastKnownFileType = text.plist.xml; path = Info.plist; sourceTree = "<group>"; };
		E54E47F9248288F9006B39C9 /* main.m */ = {isa = PBXFileReference; lastKnownFileType = sourcecode.c.objc; path = main.m; sourceTree = "<group>"; };
		E54E480524828A04006B39C9 /* IDLPCDeviceProtocal.h */ = {isa = PBXFileReference; lastKnownFileType = sourcecode.c.h; path = IDLPCDeviceProtocal.h; sourceTree = "<group>"; };
		E54E480624828A35006B39C9 /* IDLPCFactoryProtocal.h */ = {isa = PBXFileReference; lastKnownFileType = sourcecode.c.h; path = IDLPCFactoryProtocal.h; sourceTree = "<group>"; };
		E54E480724828B4A006B39C9 /* IDLHPPCDevice.h */ = {isa = PBXFileReference; lastKnownFileType = sourcecode.c.h; path = IDLHPPCDevice.h; sourceTree = "<group>"; };
		E54E480824828B4A006B39C9 /* IDLHPPCDevice.m */ = {isa = PBXFileReference; lastKnownFileType = sourcecode.c.objc; path = IDLHPPCDevice.m; sourceTree = "<group>"; };
		E54E480A24828BFE006B39C9 /* IDLIBMPCDevice.h */ = {isa = PBXFileReference; lastKnownFileType = sourcecode.c.h; path = IDLIBMPCDevice.h; sourceTree = "<group>"; };
		E54E480B24828BFE006B39C9 /* IDLIBMPCDevice.m */ = {isa = PBXFileReference; lastKnownFileType = sourcecode.c.objc; path = IDLIBMPCDevice.m; sourceTree = "<group>"; };
		E54E480D24828C56006B39C9 /* IDLApplePCDevice.h */ = {isa = PBXFileReference; lastKnownFileType = sourcecode.c.h; path = IDLApplePCDevice.h; sourceTree = "<group>"; };
		E54E480E24828C56006B39C9 /* IDLApplePCDevice.m */ = {isa = PBXFileReference; lastKnownFileType = sourcecode.c.objc; path = IDLApplePCDevice.m; sourceTree = "<group>"; };
		E54E481024828CE6006B39C9 /* IDLHPPCFactory.h */ = {isa = PBXFileReference; lastKnownFileType = sourcecode.c.h; path = IDLHPPCFactory.h; sourceTree = "<group>"; };
		E54E481124828CE6006B39C9 /* IDLHPPCFactory.m */ = {isa = PBXFileReference; lastKnownFileType = sourcecode.c.objc; path = IDLHPPCFactory.m; sourceTree = "<group>"; };
		E54E481324828E1B006B39C9 /* IDLBasePCFactory.h */ = {isa = PBXFileReference; lastKnownFileType = sourcecode.c.h; path = IDLBasePCFactory.h; sourceTree = "<group>"; };
		E54E481424828E1B006B39C9 /* IDLBasePCFactory.m */ = {isa = PBXFileReference; lastKnownFileType = sourcecode.c.objc; path = IDLBasePCFactory.m; sourceTree = "<group>"; };
		E54E481624828ED0006B39C9 /* IDLIBMPCFactory.h */ = {isa = PBXFileReference; lastKnownFileType = sourcecode.c.h; path = IDLIBMPCFactory.h; sourceTree = "<group>"; };
		E54E481724828ED0006B39C9 /* IDLIBMPCFactory.m */ = {isa = PBXFileReference; lastKnownFileType = sourcecode.c.objc; path = IDLIBMPCFactory.m; sourceTree = "<group>"; };
		E54E481D24828FDF006B39C9 /* IDLFactoryDesignPatternShowCase.h */ = {isa = PBXFileReference; lastKnownFileType = sourcecode.c.h; path = IDLFactoryDesignPatternShowCase.h; sourceTree = "<group>"; };
		E54E481E24828FDF006B39C9 /* IDLFactoryDesignPatternShowCase.m */ = {isa = PBXFileReference; lastKnownFileType = sourcecode.c.objc; path = IDLFactoryDesignPatternShowCase.m; sourceTree = "<group>"; };
		E54E48202482900B006B39C9 /* IDLDesignPatternShowCase.h */ = {isa = PBXFileReference; lastKnownFileType = sourcecode.c.h; path = IDLDesignPatternShowCase.h; sourceTree = "<group>"; };
/* End PBXFileReference section */

/* Begin PBXFrameworksBuildPhase section */
		E54E47E1248288F3006B39C9 /* Frameworks */ = {
			isa = PBXFrameworksBuildPhase;
			buildActionMask = 2147483647;
			files = (
			);
			runOnlyForDeploymentPostprocessing = 0;
		};
/* End PBXFrameworksBuildPhase section */

/* Begin PBXGroup section */
		DA2606382485D4B400E128D0 /* Prototype */ = {
			isa = PBXGroup;
			children = (
				DA26063F2485D82900E128D0 /* Client */,
				DA2606392485D62900E128D0 /* IDLCustomModel.h */,
				DA26063A2485D62900E128D0 /* IDLCustomModel.m */,
				DA26063C2485D6FC00E128D0 /* IDLComplexObject.h */,
				DA26063D2485D6FC00E128D0 /* IDLComplexObject.m */,
			);
			path = Prototype;
			sourceTree = "<group>";
		};
		DA26063F2485D82900E128D0 /* Client */ = {
			isa = PBXGroup;
			children = (
				DA2606402485D86100E128D0 /* IDLPrototypeDesignPatternShowCase.h */,
				DA2606412485D86100E128D0 /* IDLPrototypeDesignPatternShowCase.m */,
			);
			path = Client;
			sourceTree = "<group>";
		};
		E50A8B57248642C000B8D92D /* Singleton */ = {
			isa = PBXGroup;
			children = (
				E50A8B5B2486441C00B8D92D /* Client */,
				E50A8B58248643BE00B8D92D /* IDLSingletonObject.h */,
				E50A8B59248643BE00B8D92D /* IDLSingletonObject.m */,
			);
			path = Singleton;
			sourceTree = "<group>";
		};
		E50A8B5B2486441C00B8D92D /* Client */ = {
			isa = PBXGroup;
			children = (
				E50A8B5C2486445800B8D92D /* IDLSingletonDesignPatternShowCase.h */,
				E50A8B5D2486445800B8D92D /* IDLSingletonDesignPatternShowCase.m */,
			);
			path = Client;
			sourceTree = "<group>";
		};
		E50A8B5F2486594800B8D92D /* StructDesignPatterns */ = {
			isa = PBXGroup;
			children = (
				E50A8B602486596100B8D92D /* Adapter */,
			);
			path = StructDesignPatterns;
			sourceTree = "<group>";
		};
		E50A8B602486596100B8D92D /* Adapter */ = {
			isa = PBXGroup;
			children = (
				E50A8B6C24865C9C00B8D92D /* Client */,
				E50A8B6224865A6000B8D92D /* Protocols */,
				E50A8B6324865A8100B8D92D /* IDLAdapter.h */,
				E50A8B6424865A8100B8D92D /* IDLAdapter.m */,
				E50A8B6924865B7F00B8D92D /* IDLAdaptee.h */,
				E50A8B6A24865B7F00B8D92D /* IDLAdaptee.m */,
			);
			path = Adapter;
			sourceTree = "<group>";
		};
		E50A8B6224865A6000B8D92D /* Protocols */ = {
			isa = PBXGroup;
			children = (
				E50A8B6124865A2B00B8D92D /* IDLTarget.h */,
			);
			path = Protocols;
			sourceTree = "<group>";
		};
		E50A8B6C24865C9C00B8D92D /* Client */ = {
			isa = PBXGroup;
			children = (
				E50A8B6D24865CCC00B8D92D /* IDLAdapterDesignPatternShowCase.h */,
				E50A8B6E24865CCC00B8D92D /* IDLAdapterDesignPatternShowCase.m */,
			);
			path = Client;
			sourceTree = "<group>";
		};
		E51114C624833C7800BDB836 /* AbstractFactory */ = {
			isa = PBXGroup;
			children = (
				E51114F52483475B00BDB836 /* Client */,
				E51114C924833CB200BDB836 /* Factories */,
				E51114C824833C9F00BDB836 /* Products */,
				E51114C724833C8F00BDB836 /* Protocals */,
			);
			path = AbstractFactory;
			sourceTree = "<group>";
		};
		E51114C724833C8F00BDB836 /* Protocals */ = {
			isa = PBXGroup;
			children = (
				E51114CA24833D0B00BDB836 /* IDLPCComponentProtocal.h */,
				E51114CB24833DCB00BDB836 /* IDLPCDeviceFactoryProtocal.h */,
			);
			path = Protocals;
			sourceTree = "<group>";
		};
		E51114C824833C9F00BDB836 /* Products */ = {
			isa = PBXGroup;
			children = (
				E51114D9248340F500BDB836 /* Apple */,
				E51114D8248340E300BDB836 /* Dell */,
			);
			path = Products;
			sourceTree = "<group>";
		};
		E51114C924833CB200BDB836 /* Factories */ = {
			isa = PBXGroup;
			children = (
				E51114F12483463600BDB836 /* Apple */,
				E51114F02483462F00BDB836 /* Dell */,
				E51114EF2483462900BDB836 /* Base */,
			);
			path = Factories;
			sourceTree = "<group>";
		};
		E51114D8248340E300BDB836 /* Dell */ = {
			isa = PBXGroup;
			children = (
				E51114CC24833EF300BDB836 /* IDLDellPCScreen.h */,
				E51114CD24833EF300BDB836 /* IDLDellPCScreen.m */,
				E51114CF24833F9300BDB836 /* IDLDellPCKeyboard.h */,
				E51114D024833F9400BDB836 /* IDLDellPCKeyboard.m */,
				E51114D22483401F00BDB836 /* IDLDellPCMemery.h */,
				E51114D32483401F00BDB836 /* IDLDellPCMemery.m */,
				E51114D52483409F00BDB836 /* IDLDellHostDevice.h */,
				E51114D62483409F00BDB836 /* IDLDellHostDevice.m */,
			);
			path = Dell;
			sourceTree = "<group>";
		};
		E51114D9248340F500BDB836 /* Apple */ = {
			isa = PBXGroup;
			children = (
				E51114DD2483414700BDB836 /* IDLApplePCScreen.h */,
				E51114DE2483414700BDB836 /* IDLApplePCScreen.m */,
				E51114E02483418F00BDB836 /* IDLAppleKeyboard.h */,
				E51114E12483418F00BDB836 /* IDLAppleKeyboard.m */,
				E51114E3248341E200BDB836 /* IDLApplePCMemery.h */,
				E51114E4248341E200BDB836 /* IDLApplePCMemery.m */,
				E51114E62483423300BDB836 /* IDLAppleHostDevice.h */,
				E51114E72483423300BDB836 /* IDLAppleHostDevice.m */,
			);
			path = Apple;
			sourceTree = "<group>";
		};
		E51114EF2483462900BDB836 /* Base */ = {
			isa = PBXGroup;
			children = (
				E51114EC2483462100BDB836 /* IDLBasePCDeviceFactory.h */,
				E51114ED2483462100BDB836 /* IDLBasePCDeviceFactory.m */,
			);
			path = Base;
			sourceTree = "<group>";
		};
		E51114F02483462F00BDB836 /* Dell */ = {
			isa = PBXGroup;
			children = (
				E51114E92483436100BDB836 /* IDLDellPCDeviceFactory.h */,
				E51114EA2483436100BDB836 /* IDLDellPCDeviceFactory.m */,
			);
			path = Dell;
			sourceTree = "<group>";
		};
		E51114F12483463600BDB836 /* Apple */ = {
			isa = PBXGroup;
			children = (
				E51114F2248346C600BDB836 /* IDLApplePCDeviceFactory.h */,
				E51114F3248346C600BDB836 /* IDLApplePCDeviceFactory.m */,
			);
			path = Apple;
			sourceTree = "<group>";
		};
		E51114F52483475B00BDB836 /* Client */ = {
			isa = PBXGroup;
			children = (
				E51114F62483478D00BDB836 /* IDLAbstractFactoryDesignPatternShowCase.h */,
				E51114F72483478D00BDB836 /* IDLAbstractFactoryDesignPatternShowCase.m */,
			);
			path = Client;
			sourceTree = "<group>";
		};
		E51114FC2483545C00BDB836 /* Builder */ = {
			isa = PBXGroup;
			children = (
				E511150F2483765600BDB836 /* Client */,
				E511150024836CFF00BDB836 /* Director */,
				E51114FF24836CF300BDB836 /* Builder */,
				E51114FD24836CD900BDB836 /* Product */,
			);
			path = Builder;
			sourceTree = "<group>";
		};
		E51114FD24836CD900BDB836 /* Product */ = {
			isa = PBXGroup;
			children = (
				E511150124836D1C00BDB836 /* IDLHouse.h */,
				E511150224836D1C00BDB836 /* IDLHouse.m */,
			);
			path = Product;
			sourceTree = "<group>";
		};
		E51114FF24836CF300BDB836 /* Builder */ = {
			isa = PBXGroup;
			children = (
				E51115062483713F00BDB836 /* IDLSimpleHouseBuilder.h */,
				E51115072483713F00BDB836 /* IDLSimpleHouseBuilder.m */,
				E5111509248373A400BDB836 /* IDLLuxuriousHouseBuilder.h */,
				E511150A248373A400BDB836 /* IDLLuxuriousHouseBuilder.m */,
				E511150424836F5F00BDB836 /* Protocals */,
			);
			path = Builder;
			sourceTree = "<group>";
		};
		E511150024836CFF00BDB836 /* Director */ = {
			isa = PBXGroup;
			children = (
				E511150C2483754700BDB836 /* IDLHouseDirector.h */,
				E511150D2483754700BDB836 /* IDLHouseDirector.m */,
			);
			path = Director;
			sourceTree = "<group>";
		};
		E511150424836F5F00BDB836 /* Protocals */ = {
			isa = PBXGroup;
			children = (
				E511150524836F8400BDB836 /* IDLHouseBuilderProtocal.h */,
			);
			path = Protocals;
			sourceTree = "<group>";
		};
		E511150F2483765600BDB836 /* Client */ = {
			isa = PBXGroup;
			children = (
				E51115102483769000BDB836 /* IDLBuilderDesignPatternShowCase.h */,
				E51115112483769000BDB836 /* IDLBuilderDesignPatternShowCase.m */,
			);
			path = Client;
			sourceTree = "<group>";
		};
		E54E47DB248288F3006B39C9 = {
			isa = PBXGroup;
			children = (
				E54E47E6248288F3006B39C9 /* Object-Design-Pattern */,
				E54E47E5248288F3006B39C9 /* Products */,
			);
			sourceTree = "<group>";
		};
		E54E47E5248288F3006B39C9 /* Products */ = {
			isa = PBXGroup;
			children = (
				E54E47E4248288F3006B39C9 /* Object-Design-Pattern.app */,
			);
			name = Products;
			sourceTree = "<group>";
		};
		E54E47E6248288F3006B39C9 /* Object-Design-Pattern */ = {
			isa = PBXGroup;
			children = (
				E50A8B5F2486594800B8D92D /* StructDesignPatterns */,
				E54E48202482900B006B39C9 /* IDLDesignPatternShowCase.h */,
				E54E48002482896C006B39C9 /* CreateDesignPatterns */,
				E54E47E7248288F3006B39C9 /* AppDelegate.h */,
				E54E47E8248288F3006B39C9 /* AppDelegate.m */,
				E54E47EA248288F3006B39C9 /* SceneDelegate.h */,
				E54E47EB248288F3006B39C9 /* SceneDelegate.m */,
				E54E47ED248288F3006B39C9 /* ViewController.h */,
				E54E47EE248288F3006B39C9 /* ViewController.m */,
				E54E47F0248288F3006B39C9 /* Main.storyboard */,
				E54E47F3248288F9006B39C9 /* Assets.xcassets */,
				E54E47F5248288F9006B39C9 /* LaunchScreen.storyboard */,
				E54E47F8248288F9006B39C9 /* Info.plist */,
				E54E47F9248288F9006B39C9 /* main.m */,
			);
			path = "Object-Design-Pattern";
			sourceTree = "<group>";
		};
		E54E48002482896C006B39C9 /* CreateDesignPatterns */ = {
			isa = PBXGroup;
			children = (
				E50A8B57248642C000B8D92D /* Singleton */,
				DA2606382485D4B400E128D0 /* Prototype */,
				E51114FC2483545C00BDB836 /* Builder */,
				E51114C624833C7800BDB836 /* AbstractFactory */,
				E54E480124828991006B39C9 /* Factory */,
			);
			path = CreateDesignPatterns;
			sourceTree = "<group>";
		};
		E54E480124828991006B39C9 /* Factory */ = {
			isa = PBXGroup;
			children = (
				E54E481C24828FAF006B39C9 /* Client */,
				E54E4804248289C5006B39C9 /* Factories */,
				E54E4803248289AF006B39C9 /* Products */,
				E54E4802248289A2006B39C9 /* Protocals */,
			);
			path = Factory;
			sourceTree = "<group>";
		};
		E54E4802248289A2006B39C9 /* Protocals */ = {
			isa = PBXGroup;
			children = (
				E54E480524828A04006B39C9 /* IDLPCDeviceProtocal.h */,
				E54E480624828A35006B39C9 /* IDLPCFactoryProtocal.h */,
			);
			path = Protocals;
			sourceTree = "<group>";
		};
		E54E4803248289AF006B39C9 /* Products */ = {
			isa = PBXGroup;
			children = (
				E54E480724828B4A006B39C9 /* IDLHPPCDevice.h */,
				E54E480824828B4A006B39C9 /* IDLHPPCDevice.m */,
				E54E480A24828BFE006B39C9 /* IDLIBMPCDevice.h */,
				E54E480B24828BFE006B39C9 /* IDLIBMPCDevice.m */,
				E54E480D24828C56006B39C9 /* IDLApplePCDevice.h */,
				E54E480E24828C56006B39C9 /* IDLApplePCDevice.m */,
			);
			path = Products;
			sourceTree = "<group>";
		};
		E54E4804248289C5006B39C9 /* Factories */ = {
			isa = PBXGroup;
			children = (
				E54E481324828E1B006B39C9 /* IDLBasePCFactory.h */,
				E54E481424828E1B006B39C9 /* IDLBasePCFactory.m */,
				E54E481024828CE6006B39C9 /* IDLHPPCFactory.h */,
				E54E481124828CE6006B39C9 /* IDLHPPCFactory.m */,
				E54E481624828ED0006B39C9 /* IDLIBMPCFactory.h */,
				E54E481724828ED0006B39C9 /* IDLIBMPCFactory.m */,
				E51114F924834DED00BDB836 /* IDLApplePCFactory.h */,
				E51114FA24834DED00BDB836 /* IDLApplePCFactory.m */,
			);
			path = Factories;
			sourceTree = "<group>";
		};
		E54E481C24828FAF006B39C9 /* Client */ = {
			isa = PBXGroup;
			children = (
				E54E481D24828FDF006B39C9 /* IDLFactoryDesignPatternShowCase.h */,
				E54E481E24828FDF006B39C9 /* IDLFactoryDesignPatternShowCase.m */,
			);
			path = Client;
			sourceTree = "<group>";
		};
/* End PBXGroup section */

/* Begin PBXNativeTarget section */
		E54E47E3248288F3006B39C9 /* Object-Design-Pattern */ = {
			isa = PBXNativeTarget;
			buildConfigurationList = E54E47FD248288F9006B39C9 /* Build configuration list for PBXNativeTarget "Object-Design-Pattern" */;
			buildPhases = (
				E54E47E0248288F3006B39C9 /* Sources */,
				E54E47E1248288F3006B39C9 /* Frameworks */,
				E54E47E2248288F3006B39C9 /* Resources */,
			);
			buildRules = (
			);
			dependencies = (
			);
			name = "Object-Design-Pattern";
			productName = "Object-Design-Pattern";
			productReference = E54E47E4248288F3006B39C9 /* Object-Design-Pattern.app */;
			productType = "com.apple.product-type.application";
		};
/* End PBXNativeTarget section */

/* Begin PBXProject section */
		E54E47DC248288F3006B39C9 /* Project object */ = {
			isa = PBXProject;
			attributes = {
				LastUpgradeCheck = 1140;
				ORGANIZATIONNAME = linxiaohai;
				TargetAttributes = {
					E54E47E3248288F3006B39C9 = {
						CreatedOnToolsVersion = 11.4.1;
					};
				};
			};
			buildConfigurationList = E54E47DF248288F3006B39C9 /* Build configuration list for PBXProject "Object-Design-Pattern" */;
			compatibilityVersion = "Xcode 9.3";
			developmentRegion = en;
			hasScannedForEncodings = 0;
			knownRegions = (
				en,
				Base,
			);
			mainGroup = E54E47DB248288F3006B39C9;
			productRefGroup = E54E47E5248288F3006B39C9 /* Products */;
			projectDirPath = "";
			projectRoot = "";
			targets = (
				E54E47E3248288F3006B39C9 /* Object-Design-Pattern */,
			);
		};
/* End PBXProject section */

/* Begin PBXResourcesBuildPhase section */
		E54E47E2248288F3006B39C9 /* Resources */ = {
			isa = PBXResourcesBuildPhase;
			buildActionMask = 2147483647;
			files = (
				E54E47F7248288F9006B39C9 /* LaunchScreen.storyboard in Resources */,
				E54E47F4248288F9006B39C9 /* Assets.xcassets in Resources */,
				E54E47F2248288F3006B39C9 /* Main.storyboard in Resources */,
			);
			runOnlyForDeploymentPostprocessing = 0;
		};
/* End PBXResourcesBuildPhase section */

/* Begin PBXSourcesBuildPhase section */
		E54E47E0248288F3006B39C9 /* Sources */ = {
			isa = PBXSourcesBuildPhase;
			buildActionMask = 2147483647;
			files = (
				E54E481824828ED0006B39C9 /* IDLIBMPCFactory.m in Sources */,
				E51114EB2483436100BDB836 /* IDLDellPCDeviceFactory.m in Sources */,
				E51114F4248346C600BDB836 /* IDLApplePCDeviceFactory.m in Sources */,
				E51114D124833F9400BDB836 /* IDLDellPCKeyboard.m in Sources */,
				E50A8B6B24865B7F00B8D92D /* IDLAdaptee.m in Sources */,
				E51114CE24833EF300BDB836 /* IDLDellPCScreen.m in Sources */,
				E511150B248373A400BDB836 /* IDLLuxuriousHouseBuilder.m in Sources */,
				E51114E82483423300BDB836 /* IDLAppleHostDevice.m in Sources */,
				DA26063E2485D6FC00E128D0 /* IDLComplexObject.m in Sources */,
				E54E47EF248288F3006B39C9 /* ViewController.m in Sources */,
				E54E480C24828BFE006B39C9 /* IDLIBMPCDevice.m in Sources */,
				E51114D72483409F00BDB836 /* IDLDellHostDevice.m in Sources */,
				E511150E2483754700BDB836 /* IDLHouseDirector.m in Sources */,
				E51114E22483418F00BDB836 /* IDLAppleKeyboard.m in Sources */,
				E51114FB24834DED00BDB836 /* IDLApplePCFactory.m in Sources */,
				E54E47E9248288F3006B39C9 /* AppDelegate.m in Sources */,
				E54E480924828B4A006B39C9 /* IDLHPPCDevice.m in Sources */,
				E51114D42483401F00BDB836 /* IDLDellPCMemery.m in Sources */,
				E54E47FA248288F9006B39C9 /* main.m in Sources */,
				DA2606422485D86100E128D0 /* IDLPrototypeDesignPatternShowCase.m in Sources */,
				E50A8B5A248643BE00B8D92D /* IDLSingletonObject.m in Sources */,
				E50A8B6F24865CCC00B8D92D /* IDLAdapterDesignPatternShowCase.m in Sources */,
				E51114EE2483462100BDB836 /* IDLBasePCDeviceFactory.m in Sources */,
				E51115082483713F00BDB836 /* IDLSimpleHouseBuilder.m in Sources */,
				E54E47EC248288F3006B39C9 /* SceneDelegate.m in Sources */,
				E51114E5248341E200BDB836 /* IDLApplePCMemery.m in Sources */,
				E54E480F24828C56006B39C9 /* IDLApplePCDevice.m in Sources */,
				E50A8B5E2486445800B8D92D /* IDLSingletonDesignPatternShowCase.m in Sources */,
				E54E481F24828FDF006B39C9 /* IDLFactoryDesignPatternShowCase.m in Sources */,
				E50A8B6524865A8100B8D92D /* IDLAdapter.m in Sources */,
				E51115122483769000BDB836 /* IDLBuilderDesignPatternShowCase.m in Sources */,
				E51114F82483478D00BDB836 /* IDLAbstractFactoryDesignPatternShowCase.m in Sources */,
				E54E481224828CE6006B39C9 /* IDLHPPCFactory.m in Sources */,
				DA26063B2485D62900E128D0 /* IDLCustomModel.m in Sources */,
				E511150324836D1C00BDB836 /* IDLHouse.m in Sources */,
				E51114DF2483414700BDB836 /* IDLApplePCScreen.m in Sources */,
				E54E481524828E1B006B39C9 /* IDLBasePCFactory.m in Sources */,
			);
			runOnlyForDeploymentPostprocessing = 0;
		};
/* End PBXSourcesBuildPhase section */

/* Begin PBXVariantGroup section */
		E54E47F0248288F3006B39C9 /* Main.storyboard */ = {
			isa = PBXVariantGroup;
			children = (
				E54E47F1248288F3006B39C9 /* Base */,
			);
			name = Main.storyboard;
			sourceTree = "<group>";
		};
		E54E47F5248288F9006B39C9 /* LaunchScreen.storyboard */ = {
			isa = PBXVariantGroup;
			children = (
				E54E47F6248288F9006B39C9 /* Base */,
			);
			name = LaunchScreen.storyboard;
			sourceTree = "<group>";
		};
/* End PBXVariantGroup section */

/* Begin XCBuildConfiguration section */
		E54E47FB248288F9006B39C9 /* Debug */ = {
			isa = XCBuildConfiguration;
			buildSettings = {
				ALWAYS_SEARCH_USER_PATHS = NO;
				CLANG_ANALYZER_NONNULL = YES;
				CLANG_ANALYZER_NUMBER_OBJECT_CONVERSION = YES_AGGRESSIVE;
				CLANG_CXX_LANGUAGE_STANDARD = "gnu++14";
				CLANG_CXX_LIBRARY = "libc++";
				CLANG_ENABLE_MODULES = YES;
				CLANG_ENABLE_OBJC_ARC = YES;
				CLANG_ENABLE_OBJC_WEAK = YES;
				CLANG_WARN_BLOCK_CAPTURE_AUTORELEASING = YES;
				CLANG_WARN_BOOL_CONVERSION = YES;
				CLANG_WARN_COMMA = YES;
				CLANG_WARN_CONSTANT_CONVERSION = YES;
				CLANG_WARN_DEPRECATED_OBJC_IMPLEMENTATIONS = YES;
				CLANG_WARN_DIRECT_OBJC_ISA_USAGE = YES_ERROR;
				CLANG_WARN_DOCUMENTATION_COMMENTS = YES;
				CLANG_WARN_EMPTY_BODY = YES;
				CLANG_WARN_ENUM_CONVERSION = YES;
				CLANG_WARN_INFINITE_RECURSION = YES;
				CLANG_WARN_INT_CONVERSION = YES;
				CLANG_WARN_NON_LITERAL_NULL_CONVERSION = YES;
				CLANG_WARN_OBJC_IMPLICIT_RETAIN_SELF = YES;
				CLANG_WARN_OBJC_LITERAL_CONVERSION = YES;
				CLANG_WARN_OBJC_ROOT_CLASS = YES_ERROR;
				CLANG_WARN_RANGE_LOOP_ANALYSIS = YES;
				CLANG_WARN_STRICT_PROTOTYPES = YES;
				CLANG_WARN_SUSPICIOUS_MOVE = YES;
				CLANG_WARN_UNGUARDED_AVAILABILITY = YES_AGGRESSIVE;
				CLANG_WARN_UNREACHABLE_CODE = YES;
				CLANG_WARN__DUPLICATE_METHOD_MATCH = YES;
				COPY_PHASE_STRIP = NO;
				DEBUG_INFORMATION_FORMAT = dwarf;
				ENABLE_STRICT_OBJC_MSGSEND = YES;
				ENABLE_TESTABILITY = YES;
				GCC_C_LANGUAGE_STANDARD = gnu11;
				GCC_DYNAMIC_NO_PIC = NO;
				GCC_NO_COMMON_BLOCKS = YES;
				GCC_OPTIMIZATION_LEVEL = 0;
				GCC_PREPROCESSOR_DEFINITIONS = (
					"DEBUG=1",
					"$(inherited)",
				);
				GCC_WARN_64_TO_32_BIT_CONVERSION = YES;
				GCC_WARN_ABOUT_RETURN_TYPE = YES_ERROR;
				GCC_WARN_UNDECLARED_SELECTOR = YES;
				GCC_WARN_UNINITIALIZED_AUTOS = YES_AGGRESSIVE;
				GCC_WARN_UNUSED_FUNCTION = YES;
				GCC_WARN_UNUSED_VARIABLE = YES;
				IPHONEOS_DEPLOYMENT_TARGET = 13.4;
				MTL_ENABLE_DEBUG_INFO = INCLUDE_SOURCE;
				MTL_FAST_MATH = YES;
				ONLY_ACTIVE_ARCH = YES;
				SDKROOT = iphoneos;
			};
			name = Debug;
		};
		E54E47FC248288F9006B39C9 /* Release */ = {
			isa = XCBuildConfiguration;
			buildSettings = {
				ALWAYS_SEARCH_USER_PATHS = NO;
				CLANG_ANALYZER_NONNULL = YES;
				CLANG_ANALYZER_NUMBER_OBJECT_CONVERSION = YES_AGGRESSIVE;
				CLANG_CXX_LANGUAGE_STANDARD = "gnu++14";
				CLANG_CXX_LIBRARY = "libc++";
				CLANG_ENABLE_MODULES = YES;
				CLANG_ENABLE_OBJC_ARC = YES;
				CLANG_ENABLE_OBJC_WEAK = YES;
				CLANG_WARN_BLOCK_CAPTURE_AUTORELEASING = YES;
				CLANG_WARN_BOOL_CONVERSION = YES;
				CLANG_WARN_COMMA = YES;
				CLANG_WARN_CONSTANT_CONVERSION = YES;
				CLANG_WARN_DEPRECATED_OBJC_IMPLEMENTATIONS = YES;
				CLANG_WARN_DIRECT_OBJC_ISA_USAGE = YES_ERROR;
				CLANG_WARN_DOCUMENTATION_COMMENTS = YES;
				CLANG_WARN_EMPTY_BODY = YES;
				CLANG_WARN_ENUM_CONVERSION = YES;
				CLANG_WARN_INFINITE_RECURSION = YES;
				CLANG_WARN_INT_CONVERSION = YES;
				CLANG_WARN_NON_LITERAL_NULL_CONVERSION = YES;
				CLANG_WARN_OBJC_IMPLICIT_RETAIN_SELF = YES;
				CLANG_WARN_OBJC_LITERAL_CONVERSION = YES;
				CLANG_WARN_OBJC_ROOT_CLASS = YES_ERROR;
				CLANG_WARN_RANGE_LOOP_ANALYSIS = YES;
				CLANG_WARN_STRICT_PROTOTYPES = YES;
				CLANG_WARN_SUSPICIOUS_MOVE = YES;
				CLANG_WARN_UNGUARDED_AVAILABILITY = YES_AGGRESSIVE;
				CLANG_WARN_UNREACHABLE_CODE = YES;
				CLANG_WARN__DUPLICATE_METHOD_MATCH = YES;
				COPY_PHASE_STRIP = NO;
				DEBUG_INFORMATION_FORMAT = "dwarf-with-dsym";
				ENABLE_NS_ASSERTIONS = NO;
				ENABLE_STRICT_OBJC_MSGSEND = YES;
				GCC_C_LANGUAGE_STANDARD = gnu11;
				GCC_NO_COMMON_BLOCKS = YES;
				GCC_WARN_64_TO_32_BIT_CONVERSION = YES;
				GCC_WARN_ABOUT_RETURN_TYPE = YES_ERROR;
				GCC_WARN_UNDECLARED_SELECTOR = YES;
				GCC_WARN_UNINITIALIZED_AUTOS = YES_AGGRESSIVE;
				GCC_WARN_UNUSED_FUNCTION = YES;
				GCC_WARN_UNUSED_VARIABLE = YES;
				IPHONEOS_DEPLOYMENT_TARGET = 13.4;
				MTL_ENABLE_DEBUG_INFO = NO;
				MTL_FAST_MATH = YES;
				SDKROOT = iphoneos;
				VALIDATE_PRODUCT = YES;
			};
			name = Release;
		};
		E54E47FE248288F9006B39C9 /* Debug */ = {
			isa = XCBuildConfiguration;
			buildSettings = {
				ASSETCATALOG_COMPILER_APPICON_NAME = AppIcon;
				CODE_SIGN_STYLE = Automatic;
				DEVELOPMENT_TEAM = 4DLDXBD4UT;
				INFOPLIST_FILE = "Object-Design-Pattern/Info.plist";
				LD_RUNPATH_SEARCH_PATHS = (
					"$(inherited)",
					"@executable_path/Frameworks",
				);
				PRODUCT_BUNDLE_IDENTIFIER = "com.idealist.Object-Design-Pattern";
				PRODUCT_NAME = "$(TARGET_NAME)";
				TARGETED_DEVICE_FAMILY = "1,2";
			};
			name = Debug;
		};
		E54E47FF248288F9006B39C9 /* Release */ = {
			isa = XCBuildConfiguration;
			buildSettings = {
				ASSETCATALOG_COMPILER_APPICON_NAME = AppIcon;
				CODE_SIGN_STYLE = Automatic;
				DEVELOPMENT_TEAM = 4DLDXBD4UT;
				INFOPLIST_FILE = "Object-Design-Pattern/Info.plist";
				LD_RUNPATH_SEARCH_PATHS = (
					"$(inherited)",
					"@executable_path/Frameworks",
				);
				PRODUCT_BUNDLE_IDENTIFIER = "com.idealist.Object-Design-Pattern";
				PRODUCT_NAME = "$(TARGET_NAME)";
				TARGETED_DEVICE_FAMILY = "1,2";
			};
			name = Release;
		};
/* End XCBuildConfiguration section */

/* Begin XCConfigurationList section */
		E54E47DF248288F3006B39C9 /* Build configuration list for PBXProject "Object-Design-Pattern" */ = {
			isa = XCConfigurationList;
			buildConfigurations = (
				E54E47FB248288F9006B39C9 /* Debug */,
				E54E47FC248288F9006B39C9 /* Release */,
			);
			defaultConfigurationIsVisible = 0;
			defaultConfigurationName = Release;
		};
		E54E47FD248288F9006B39C9 /* Build configuration list for PBXNativeTarget "Object-Design-Pattern" */ = {
			isa = XCConfigurationList;
			buildConfigurations = (
				E54E47FE248288F9006B39C9 /* Debug */,
				E54E47FF248288F9006B39C9 /* Release */,
			);
			defaultConfigurationIsVisible = 0;
			defaultConfigurationName = Release;
		};
/* End XCConfigurationList section */
	};
	rootObject = E54E47DC248288F3006B39C9 /* Project object */;
}
